// !$*UTF8*$!
{
	archiveVersion = 1;
	classes = {
	};
	objectVersion = 48;
	objects = {

/* Begin PBXBuildFile section */
		3D8B2C76B17971BCA8BEA425 /* Pods_Smack.framework in Frameworks */ = {isa = PBXBuildFile; fileRef = 38CB8839020C9C99EC3D3393 /* Pods_Smack.framework */; };
		B80900C0202DE3FB0080FADC /* GradientView.swift in Sources */ = {isa = PBXBuildFile; fileRef = B80900BF202DE3FB0080FADC /* GradientView.swift */; };
		B80900C3202E056E0080FADC /* Constants.swift in Sources */ = {isa = PBXBuildFile; fileRef = B80900C2202E056E0080FADC /* Constants.swift */; };
		B80900C5202E0CC50080FADC /* LoginViewController.swift in Sources */ = {isa = PBXBuildFile; fileRef = B80900C4202E0CC50080FADC /* LoginViewController.swift */; };
		B80900C7202E2BEA0080FADC /* CreateAccountViewController.swift in Sources */ = {isa = PBXBuildFile; fileRef = B80900C6202E2BEA0080FADC /* CreateAccountViewController.swift */; };
		B814E443202C95F9006D9A1C /* SWRevealViewController.m in Sources */ = {isa = PBXBuildFile; fileRef = B814E442202C95F9006D9A1C /* SWRevealViewController.m */; };
		B814E447202C9C5F006D9A1C /* ChatViewController.swift in Sources */ = {isa = PBXBuildFile; fileRef = B814E446202C9C5F006D9A1C /* ChatViewController.swift */; };
		B814E449202C9C90006D9A1C /* ChannelViewController.swift in Sources */ = {isa = PBXBuildFile; fileRef = B814E448202C9C90006D9A1C /* ChannelViewController.swift */; };
		B89AEE96202B8D2F00129053 /* AppDelegate.swift in Sources */ = {isa = PBXBuildFile; fileRef = B89AEE95202B8D2F00129053 /* AppDelegate.swift */; };
		B89AEE9B202B8D2F00129053 /* Main.storyboard in Resources */ = {isa = PBXBuildFile; fileRef = B89AEE99202B8D2F00129053 /* Main.storyboard */; };
		B89AEE9D202B8D2F00129053 /* Assets.xcassets in Resources */ = {isa = PBXBuildFile; fileRef = B89AEE9C202B8D2F00129053 /* Assets.xcassets */; };
		B89AEEA0202B8D2F00129053 /* LaunchScreen.storyboard in Resources */ = {isa = PBXBuildFile; fileRef = B89AEE9E202B8D2F00129053 /* LaunchScreen.storyboard */; };
/* End PBXBuildFile section */

/* Begin PBXFileReference section */
		38CB8839020C9C99EC3D3393 /* Pods_Smack.framework */ = {isa = PBXFileReference; explicitFileType = wrapper.framework; includeInIndex = 0; path = Pods_Smack.framework; sourceTree = BUILT_PRODUCTS_DIR; };
		A0DE89BA0212EE2947A9F66D /* Pods-Smack.release.xcconfig */ = {isa = PBXFileReference; includeInIndex = 1; lastKnownFileType = text.xcconfig; name = "Pods-Smack.release.xcconfig"; path = "Pods/Target Support Files/Pods-Smack/Pods-Smack.release.xcconfig"; sourceTree = "<group>"; };
		B80900BF202DE3FB0080FADC /* GradientView.swift */ = {isa = PBXFileReference; lastKnownFileType = sourcecode.swift; path = GradientView.swift; sourceTree = "<group>"; };
		B80900C2202E056E0080FADC /* Constants.swift */ = {isa = PBXFileReference; lastKnownFileType = sourcecode.swift; path = Constants.swift; sourceTree = "<group>"; };
		B80900C4202E0CC50080FADC /* LoginViewController.swift */ = {isa = PBXFileReference; lastKnownFileType = sourcecode.swift; path = LoginViewController.swift; sourceTree = "<group>"; };
		B80900C6202E2BEA0080FADC /* CreateAccountViewController.swift */ = {isa = PBXFileReference; lastKnownFileType = sourcecode.swift; path = CreateAccountViewController.swift; sourceTree = "<group>"; };
		B814E440202C95F8006D9A1C /* Smack-Bridging-Header.h */ = {isa = PBXFileReference; lastKnownFileType = sourcecode.c.h; path = "Smack-Bridging-Header.h"; sourceTree = "<group>"; };
		B814E441202C95F9006D9A1C /* SWRevealViewController.h */ = {isa = PBXFileReference; fileEncoding = 4; lastKnownFileType = sourcecode.c.h; path = SWRevealViewController.h; sourceTree = "<group>"; };
		B814E442202C95F9006D9A1C /* SWRevealViewController.m */ = {isa = PBXFileReference; fileEncoding = 4; lastKnownFileType = sourcecode.c.objc; path = SWRevealViewController.m; sourceTree = "<group>"; };
		B814E446202C9C5F006D9A1C /* ChatViewController.swift */ = {isa = PBXFileReference; lastKnownFileType = sourcecode.swift; path = ChatViewController.swift; sourceTree = "<group>"; };
		B814E448202C9C90006D9A1C /* ChannelViewController.swift */ = {isa = PBXFileReference; lastKnownFileType = sourcecode.swift; path = ChannelViewController.swift; sourceTree = "<group>"; };
		B89AEE92202B8D2F00129053 /* Smack.app */ = {isa = PBXFileReference; explicitFileType = wrapper.application; includeInIndex = 0; path = Smack.app; sourceTree = BUILT_PRODUCTS_DIR; };
		B89AEE95202B8D2F00129053 /* AppDelegate.swift */ = {isa = PBXFileReference; lastKnownFileType = sourcecode.swift; path = AppDelegate.swift; sourceTree = "<group>"; };
		B89AEE9A202B8D2F00129053 /* Base */ = {isa = PBXFileReference; lastKnownFileType = file.storyboard; name = Base; path = Base.lproj/Main.storyboard; sourceTree = "<group>"; };
		B89AEE9C202B8D2F00129053 /* Assets.xcassets */ = {isa = PBXFileReference; lastKnownFileType = folder.assetcatalog; path = Assets.xcassets; sourceTree = "<group>"; };
		B89AEE9F202B8D2F00129053 /* Base */ = {isa = PBXFileReference; lastKnownFileType = file.storyboard; name = Base; path = Base.lproj/LaunchScreen.storyboard; sourceTree = "<group>"; };
		B89AEEA1202B8D2F00129053 /* Info.plist */ = {isa = PBXFileReference; lastKnownFileType = text.plist.xml; path = Info.plist; sourceTree = "<group>"; };
		BE6F869D0D3E273DCF3CAA0B /* Pods-Smack.debug.xcconfig */ = {isa = PBXFileReference; includeInIndex = 1; lastKnownFileType = text.xcconfig; name = "Pods-Smack.debug.xcconfig"; path = "Pods/Target Support Files/Pods-Smack/Pods-Smack.debug.xcconfig"; sourceTree = "<group>"; };
/* End PBXFileReference section */

/* Begin PBXFrameworksBuildPhase section */
		B89AEE8F202B8D2E00129053 /* Frameworks */ = {
			isa = PBXFrameworksBuildPhase;
			buildActionMask = 2147483647;
			files = (
				3D8B2C76B17971BCA8BEA425 /* Pods_Smack.framework in Frameworks */,
			);
			runOnlyForDeploymentPostprocessing = 0;
		};
/* End PBXFrameworksBuildPhase section */

/* Begin PBXGroup section */
		409BBC5B8BE414C1D12D9A52 /* Frameworks */ = {
			isa = PBXGroup;
			children = (
				38CB8839020C9C99EC3D3393 /* Pods_Smack.framework */,
			);
			name = Frameworks;
			sourceTree = "<group>";
		};
		B80900C1202E054D0080FADC /* Utilities */ = {
			isa = PBXGroup;
			children = (
				B80900C2202E056E0080FADC /* Constants.swift */,
			);
			path = Utilities;
			sourceTree = "<group>";
		};
		B814E43F202C95C4006D9A1C /* Supporting Files */ = {
			isa = PBXGroup;
			children = (
				B814E441202C95F9006D9A1C /* SWRevealViewController.h */,
				B814E442202C95F9006D9A1C /* SWRevealViewController.m */,
				B814E440202C95F8006D9A1C /* Smack-Bridging-Header.h */,
			);
			path = "Supporting Files";
			sourceTree = "<group>";
		};
		B814E444202C9BFD006D9A1C /* Controller */ = {
			isa = PBXGroup;
			children = (
				B814E446202C9C5F006D9A1C /* ChatViewController.swift */,
				B814E448202C9C90006D9A1C /* ChannelViewController.swift */,
				B80900C4202E0CC50080FADC /* LoginViewController.swift */,
				B80900C6202E2BEA0080FADC /* CreateAccountViewController.swift */,
			);
			path = Controller;
			sourceTree = "<group>";
		};
		B814E445202C9C10006D9A1C /* View */ = {
			isa = PBXGroup;
			children = (
				B89AEE99202B8D2F00129053 /* Main.storyboard */,
				B80900BF202DE3FB0080FADC /* GradientView.swift */,
			);
			path = View;
			sourceTree = "<group>";
		};
		B89AEE89202B8D2E00129053 = {
			isa = PBXGroup;
			children = (
				B80900C1202E054D0080FADC /* Utilities */,
				B814E444202C9BFD006D9A1C /* Controller */,
				B814E445202C9C10006D9A1C /* View */,
				B814E43F202C95C4006D9A1C /* Supporting Files */,
				B89AEE94202B8D2F00129053 /* Smack */,
				B89AEE93202B8D2F00129053 /* Products */,
				E7FD3D99C5B4141B0FFA3711 /* Pods */,
				409BBC5B8BE414C1D12D9A52 /* Frameworks */,
			);
			sourceTree = "<group>";
		};
		B89AEE93202B8D2F00129053 /* Products */ = {
			isa = PBXGroup;
			children = (
				B89AEE92202B8D2F00129053 /* Smack.app */,
			);
			name = Products;
			sourceTree = "<group>";
		};
		B89AEE94202B8D2F00129053 /* Smack */ = {
			isa = PBXGroup;
			children = (
				B89AEE95202B8D2F00129053 /* AppDelegate.swift */,
				B89AEE9C202B8D2F00129053 /* Assets.xcassets */,
				B89AEE9E202B8D2F00129053 /* LaunchScreen.storyboard */,
				B89AEEA1202B8D2F00129053 /* Info.plist */,
			);
			path = Smack;
			sourceTree = "<group>";
		};
		E7FD3D99C5B4141B0FFA3711 /* Pods */ = {
			isa = PBXGroup;
			children = (
				BE6F869D0D3E273DCF3CAA0B /* Pods-Smack.debug.xcconfig */,
				A0DE89BA0212EE2947A9F66D /* Pods-Smack.release.xcconfig */,
			);
			name = Pods;
			sourceTree = "<group>";
		};
/* End PBXGroup section */

/* Begin PBXNativeTarget section */
		B89AEE91202B8D2E00129053 /* Smack */ = {
			isa = PBXNativeTarget;
			buildConfigurationList = B89AEEA4202B8D2F00129053 /* Build configuration list for PBXNativeTarget "Smack" */;
			buildPhases = (
				3B5F2638F1E08CB3D156C468 /* [CP] Check Pods Manifest.lock */,
				B89AEE8E202B8D2E00129053 /* Sources */,
				B89AEE8F202B8D2E00129053 /* Frameworks */,
				B89AEE90202B8D2E00129053 /* Resources */,
				C46E04370C9E811A090E43D1 /* [CP] Embed Pods Frameworks */,
				EA7DC9B56BC312FD374CE154 /* [CP] Copy Pods Resources */,
			);
			buildRules = (
			);
			dependencies = (
			);
			name = Smack;
			productName = Smack;
			productReference = B89AEE92202B8D2F00129053 /* Smack.app */;
			productType = "com.apple.product-type.application";
		};
/* End PBXNativeTarget section */

/* Begin PBXProject section */
		B89AEE8A202B8D2E00129053 /* Project object */ = {
			isa = PBXProject;
			attributes = {
				LastSwiftUpdateCheck = 0920;
				LastUpgradeCheck = 0920;
				TargetAttributes = {
					B89AEE91202B8D2E00129053 = {
						CreatedOnToolsVersion = 9.2;
						LastSwiftMigration = 0920;
						ProvisioningStyle = Automatic;
					};
				};
			};
			buildConfigurationList = B89AEE8D202B8D2E00129053 /* Build configuration list for PBXProject "Smack" */;
			compatibilityVersion = "Xcode 8.0";
			developmentRegion = en;
			hasScannedForEncodings = 0;
			knownRegions = (
				en,
				Base,
			);
			mainGroup = B89AEE89202B8D2E00129053;
			productRefGroup = B89AEE93202B8D2F00129053 /* Products */;
			projectDirPath = "";
			projectRoot = "";
			targets = (
				B89AEE91202B8D2E00129053 /* Smack */,
			);
		};
/* End PBXProject section */

/* Begin PBXResourcesBuildPhase section */
		B89AEE90202B8D2E00129053 /* Resources */ = {
			isa = PBXResourcesBuildPhase;
			buildActionMask = 2147483647;
			files = (
				B89AEEA0202B8D2F00129053 /* LaunchScreen.storyboard in Resources */,
				B89AEE9D202B8D2F00129053 /* Assets.xcassets in Resources */,
				B89AEE9B202B8D2F00129053 /* Main.storyboard in Resources */,
			);
			runOnlyForDeploymentPostprocessing = 0;
		};
/* End PBXResourcesBuildPhase section */

/* Begin PBXShellScriptBuildPhase section */
		3B5F2638F1E08CB3D156C468 /* [CP] Check Pods Manifest.lock */ = {
			isa = PBXShellScriptBuildPhase;
			buildActionMask = 2147483647;
			files = (
			);
			inputPaths = (
				"${PODS_PODFILE_DIR_PATH}/Podfile.lock",
				"${PODS_ROOT}/Manifest.lock",
			);
			name = "[CP] Check Pods Manifest.lock";
			outputPaths = (
				"$(DERIVED_FILE_DIR)/Pods-Smack-checkManifestLockResult.txt",
			);
			runOnlyForDeploymentPostprocessing = 0;
			shellPath = /bin/sh;
			shellScript = "diff \"${PODS_PODFILE_DIR_PATH}/Podfile.lock\" \"${PODS_ROOT}/Manifest.lock\" > /dev/null\nif [ $? != 0 ] ; then\n    # print error to STDERR\n    echo \"error: The sandbox is not in sync with the Podfile.lock. Run 'pod install' or update your CocoaPods installation.\" >&2\n    exit 1\nfi\n# This output is used by Xcode 'outputs' to avoid re-running this script phase.\necho \"SUCCESS\" > \"${SCRIPT_OUTPUT_FILE_0}\"\n";
			showEnvVarsInLog = 0;
		};
		C46E04370C9E811A090E43D1 /* [CP] Embed Pods Frameworks */ = {
			isa = PBXShellScriptBuildPhase;
			buildActionMask = 2147483647;
			files = (
			);
			inputPaths = (
				"${SRCROOT}/Pods/Target Support Files/Pods-Smack/Pods-Smack-frameworks.sh",
				"${BUILT_PRODUCTS_DIR}/Alamofire/Alamofire.framework",
				"${BUILT_PRODUCTS_DIR}/Socket.IO-Client-Swift/SocketIO.framework",
				"${BUILT_PRODUCTS_DIR}/Starscream/Starscream.framework",
				"${BUILT_PRODUCTS_DIR}/SwiftyJSON/SwiftyJSON.framework",
			);
			name = "[CP] Embed Pods Frameworks";
			outputPaths = (
				"${TARGET_BUILD_DIR}/${FRAMEWORKS_FOLDER_PATH}/Alamofire.framework",
				"${TARGET_BUILD_DIR}/${FRAMEWORKS_FOLDER_PATH}/SocketIO.framework",
				"${TARGET_BUILD_DIR}/${FRAMEWORKS_FOLDER_PATH}/Starscream.framework",
				"${TARGET_BUILD_DIR}/${FRAMEWORKS_FOLDER_PATH}/SwiftyJSON.framework",
			);
			runOnlyForDeploymentPostprocessing = 0;
			shellPath = /bin/sh;
			shellScript = "\"${SRCROOT}/Pods/Target Support Files/Pods-Smack/Pods-Smack-frameworks.sh\"\n";
			showEnvVarsInLog = 0;
		};
		EA7DC9B56BC312FD374CE154 /* [CP] Copy Pods Resources */ = {
			isa = PBXShellScriptBuildPhase;
			buildActionMask = 2147483647;
			files = (
			);
			inputPaths = (
			);
			name = "[CP] Copy Pods Resources";
			outputPaths = (
			);
			runOnlyForDeploymentPostprocessing = 0;
			shellPath = /bin/sh;
			shellScript = "\"${SRCROOT}/Pods/Target Support Files/Pods-Smack/Pods-Smack-resources.sh\"\n";
			showEnvVarsInLog = 0;
		};
/* End PBXShellScriptBuildPhase section */

/* Begin PBXSourcesBuildPhase section */
		B89AEE8E202B8D2E00129053 /* Sources */ = {
			isa = PBXSourcesBuildPhase;
			buildActionMask = 2147483647;
			files = (
				B80900C5202E0CC50080FADC /* LoginViewController.swift in Sources */,
				B89AEE96202B8D2F00129053 /* AppDelegate.swift in Sources */,
				B814E447202C9C5F006D9A1C /* ChatViewController.swift in Sources */,
				B80900C0202DE3FB0080FADC /* GradientView.swift in Sources */,
				B80900C7202E2BEA0080FADC /* CreateAccountViewController.swift in Sources */,
				B814E449202C9C90006D9A1C /* ChannelViewController.swift in Sources */,
				B814E443202C95F9006D9A1C /* SWRevealViewController.m in Sources */,
				B80900C3202E056E0080FADC /* Constants.swift in Sources */,
			);
			runOnlyForDeploymentPostprocessing = 0;
		};
/* End PBXSourcesBuildPhase section */

/* Begin PBXVariantGroup section */
		B89AEE99202B8D2F00129053 /* Main.storyboard */ = {
			isa = PBXVariantGroup;
			children = (
				B89AEE9A202B8D2F00129053 /* Base */,
			);
			name = Main.storyboard;
			sourceTree = "<group>";
		};
		B89AEE9E202B8D2F00129053 /* LaunchScreen.storyboard */ = {
			isa = PBXVariantGroup;
			children = (
				B89AEE9F202B8D2F00129053 /* Base */,
			);
			name = LaunchScreen.storyboard;
			sourceTree = "<group>";
		};
/* End PBXVariantGroup section */

/* Begin XCBuildConfiguration section */
		B89AEEA2202B8D2F00129053 /* Debug */ = {
			isa = XCBuildConfiguration;
			buildSettings = {
				ALWAYS_SEARCH_USER_PATHS = NO;
				CLANG_ANALYZER_NONNULL = YES;
				CLANG_ANALYZER_NUMBER_OBJECT_CONVERSION = YES_AGGRESSIVE;
				CLANG_CXX_LANGUAGE_STANDARD = "gnu++14";
				CLANG_CXX_LIBRARY = "libc++";
				CLANG_ENABLE_MODULES = YES;
				CLANG_ENABLE_OBJC_ARC = YES;
				CLANG_WARN_BLOCK_CAPTURE_AUTORELEASING = YES;
				CLANG_WARN_BOOL_CONVERSION = YES;
				CLANG_WARN_COMMA = YES;
				CLANG_WARN_CONSTANT_CONVERSION = YES;
				CLANG_WARN_DIRECT_OBJC_ISA_USAGE = YES_ERROR;
				CLANG_WARN_DOCUMENTATION_COMMENTS = YES;
				CLANG_WARN_EMPTY_BODY = YES;
				CLANG_WARN_ENUM_CONVERSION = YES;
				CLANG_WARN_INFINITE_RECURSION = YES;
				CLANG_WARN_INT_CONVERSION = YES;
				CLANG_WARN_NON_LITERAL_NULL_CONVERSION = YES;
				CLANG_WARN_OBJC_LITERAL_CONVERSION = YES;
				CLANG_WARN_OBJC_ROOT_CLASS = YES_ERROR;
				CLANG_WARN_RANGE_LOOP_ANALYSIS = YES;
				CLANG_WARN_STRICT_PROTOTYPES = YES;
				CLANG_WARN_SUSPICIOUS_MOVE = YES;
				CLANG_WARN_UNGUARDED_AVAILABILITY = YES_AGGRESSIVE;
				CLANG_WARN_UNREACHABLE_CODE = YES;
				CLANG_WARN__DUPLICATE_METHOD_MATCH = YES;
				CODE_SIGN_IDENTITY = "iPhone Developer";
				COPY_PHASE_STRIP = NO;
				DEBUG_INFORMATION_FORMAT = dwarf;
				ENABLE_STRICT_OBJC_MSGSEND = YES;
				ENABLE_TESTABILITY = YES;
				GCC_C_LANGUAGE_STANDARD = gnu11;
				GCC_DYNAMIC_NO_PIC = NO;
				GCC_NO_COMMON_BLOCKS = YES;
				GCC_OPTIMIZATION_LEVEL = 0;
				GCC_PREPROCESSOR_DEFINITIONS = (
					"DEBUG=1",
					"$(inherited)",
				);
				GCC_WARN_64_TO_32_BIT_CONVERSION = YES;
				GCC_WARN_ABOUT_RETURN_TYPE = YES_ERROR;
				GCC_WARN_UNDECLARED_SELECTOR = YES;
				GCC_WARN_UNINITIALIZED_AUTOS = YES_AGGRESSIVE;
				GCC_WARN_UNUSED_FUNCTION = YES;
				GCC_WARN_UNUSED_VARIABLE = YES;
				IPHONEOS_DEPLOYMENT_TARGET = 11.2;
				MTL_ENABLE_DEBUG_INFO = YES;
				ONLY_ACTIVE_ARCH = YES;
				SDKROOT = iphoneos;
				SWIFT_ACTIVE_COMPILATION_CONDITIONS = DEBUG;
				SWIFT_OPTIMIZATION_LEVEL = "-Onone";
			};
			name = Debug;
		};
		B89AEEA3202B8D2F00129053 /* Release */ = {
			isa = XCBuildConfiguration;
			buildSettings = {
				ALWAYS_SEARCH_USER_PATHS = NO;
				CLANG_ANALYZER_NONNULL = YES;
				CLANG_ANALYZER_NUMBER_OBJECT_CONVERSION = YES_AGGRESSIVE;
				CLANG_CXX_LANGUAGE_STANDARD = "gnu++14";
				CLANG_CXX_LIBRARY = "libc++";
				CLANG_ENABLE_MODULES = YES;
				CLANG_ENABLE_OBJC_ARC = YES;
				CLANG_WARN_BLOCK_CAPTURE_AUTORELEASING = YES;
				CLANG_WARN_BOOL_CONVERSION = YES;
				CLANG_WARN_COMMA = YES;
				CLANG_WARN_CONSTANT_CONVERSION = YES;
				CLANG_WARN_DIRECT_OBJC_ISA_USAGE = YES_ERROR;
				CLANG_WARN_DOCUMENTATION_COMMENTS = YES;
				CLANG_WARN_EMPTY_BODY = YES;
				CLANG_WARN_ENUM_CONVERSION = YES;
				CLANG_WARN_INFINITE_RECURSION = YES;
				CLANG_WARN_INT_CONVERSION = YES;
				CLANG_WARN_NON_LITERAL_NULL_CONVERSION = YES;
				CLANG_WARN_OBJC_LITERAL_CONVERSION = YES;
				CLANG_WARN_OBJC_ROOT_CLASS = YES_ERROR;
				CLANG_WARN_RANGE_LOOP_ANALYSIS = YES;
				CLANG_WARN_STRICT_PROTOTYPES = YES;
				CLANG_WARN_SUSPICIOUS_MOVE = YES;
				CLANG_WARN_UNGUARDED_AVAILABILITY = YES_AGGRESSIVE;
				CLANG_WARN_UNREACHABLE_CODE = YES;
				CLANG_WARN__DUPLICATE_METHOD_MATCH = YES;
				CODE_SIGN_IDENTITY = "iPhone Developer";
				COPY_PHASE_STRIP = NO;
				DEBUG_INFORMATION_FORMAT = "dwarf-with-dsym";
				ENABLE_NS_ASSERTIONS = NO;
				ENABLE_STRICT_OBJC_MSGSEND = YES;
				GCC_C_LANGUAGE_STANDARD = gnu11;
				GCC_NO_COMMON_BLOCKS = YES;
				GCC_WARN_64_TO_32_BIT_CONVERSION = YES;
				GCC_WARN_ABOUT_RETURN_TYPE = YES_ERROR;
				GCC_WARN_UNDECLARED_SELECTOR = YES;
				GCC_WARN_UNINITIALIZED_AUTOS = YES_AGGRESSIVE;
				GCC_WARN_UNUSED_FUNCTION = YES;
				GCC_WARN_UNUSED_VARIABLE = YES;
				IPHONEOS_DEPLOYMENT_TARGET = 11.2;
				MTL_ENABLE_DEBUG_INFO = NO;
				SDKROOT = iphoneos;
				SWIFT_OPTIMIZATION_LEVEL = "-Owholemodule";
				VALIDATE_PRODUCT = YES;
			};
			name = Release;
		};
		B89AEEA5202B8D2F00129053 /* Debug */ = {
			isa = XCBuildConfiguration;
			baseConfigurationReference = BE6F869D0D3E273DCF3CAA0B /* Pods-Smack.debug.xcconfig */;
			buildSettings = {
				ASSETCATALOG_COMPILER_APPICON_NAME = AppIcon;
				CLANG_ENABLE_MODULES = YES;
				CODE_SIGN_STYLE = Automatic;
				INFOPLIST_FILE = Smack/Info.plist;
				LD_RUNPATH_SEARCH_PATHS = "$(inherited) @executable_path/Frameworks";
				PRODUCT_BUNDLE_IDENTIFIER = com.zewen.Smack;
				PRODUCT_NAME = "$(TARGET_NAME)";
				SWIFT_OBJC_BRIDGING_HEADER = "Supporting Files/Smack-Bridging-Header.h";
				SWIFT_OPTIMIZATION_LEVEL = "-Onone";
				SWIFT_VERSION = 4.0;
				TARGETED_DEVICE_FAMILY = "1,2";
			};
			name = Debug;
		};
		B89AEEA6202B8D2F00129053 /* Release */ = {
			isa = XCBuildConfiguration;
			baseConfigurationReference = A0DE89BA0212EE2947A9F66D /* Pods-Smack.release.xcconfig */;
			buildSettings = {
				ASSETCATALOG_COMPILER_APPICON_NAME = AppIcon;
				CLANG_ENABLE_MODULES = YES;
				CODE_SIGN_STYLE = Automatic;
				INFOPLIST_FILE = Smack/Info.plist;
				LD_RUNPATH_SEARCH_PATHS = "$(inherited) @executable_path/Frameworks";
				PRODUCT_BUNDLE_IDENTIFIER = com.zewen.Smack;
				PRODUCT_NAME = "$(TARGET_NAME)";
				SWIFT_OBJC_BRIDGING_HEADER = "Supporting Files/Smack-Bridging-Header.h";
				SWIFT_VERSION = 4.0;
				TARGETED_DEVICE_FAMILY = "1,2";
			};
			name = Release;
		};
/* End XCBuildConfiguration section */

/* Begin XCConfigurationList section */
		B89AEE8D202B8D2E00129053 /* Build configuration list for PBXProject "Smack" */ = {
			isa = XCConfigurationList;
			buildConfigurations = (
				B89AEEA2202B8D2F00129053 /* Debug */,
				B89AEEA3202B8D2F00129053 /* Release */,
			);
			defaultConfigurationIsVisible = 0;
			defaultConfigurationName = Release;
		};
		B89AEEA4202B8D2F00129053 /* Build configuration list for PBXNativeTarget "Smack" */ = {
			isa = XCConfigurationList;
			buildConfigurations = (
				B89AEEA5202B8D2F00129053 /* Debug */,
				B89AEEA6202B8D2F00129053 /* Release */,
			);
			defaultConfigurationIsVisible = 0;
			defaultConfigurationName = Release;
		};
/* End XCConfigurationList section */
	};
	rootObject = B89AEE8A202B8D2E00129053 /* Project object */;
}
